// !$*UTF8*$!
{
	archiveVersion = 1;
	classes = {
	};
	objectVersion = 50;
	objects = {

/* Begin PBXBuildFile section */
		0443D63D2132746E00E8FB99 /* AppDelegate.swift in Sources */ = {isa = PBXBuildFile; fileRef = 0443D63C2132746E00E8FB99 /* AppDelegate.swift */; };
		0443D63F2132746E00E8FB99 /* ViewController.swift in Sources */ = {isa = PBXBuildFile; fileRef = 0443D63E2132746E00E8FB99 /* ViewController.swift */; };
		0443D6422132746E00E8FB99 /* Main.storyboard in Resources */ = {isa = PBXBuildFile; fileRef = 0443D6402132746E00E8FB99 /* Main.storyboard */; };
		0443D6442132747300E8FB99 /* Assets.xcassets in Resources */ = {isa = PBXBuildFile; fileRef = 0443D6432132747300E8FB99 /* Assets.xcassets */; };
		0443D6472132747300E8FB99 /* LaunchScreen.storyboard in Resources */ = {isa = PBXBuildFile; fileRef = 0443D6452132747300E8FB99 /* LaunchScreen.storyboard */; };
		0443D6522132747300E8FB99 /* SwiftWeatherAppTests.swift in Sources */ = {isa = PBXBuildFile; fileRef = 0443D6512132747300E8FB99 /* SwiftWeatherAppTests.swift */; };
		0443D65D2132747300E8FB99 /* SwiftWeatherAppUITests.swift in Sources */ = {isa = PBXBuildFile; fileRef = 0443D65C2132747300E8FB99 /* SwiftWeatherAppUITests.swift */; };
		0443D66B2132748900E8FB99 /* NetworkingFacade.swift in Sources */ = {isa = PBXBuildFile; fileRef = 0443D66A2132748900E8FB99 /* NetworkingFacade.swift */; };
		0443D66D2132749200E8FB99 /* Networking.swift in Sources */ = {isa = PBXBuildFile; fileRef = 0443D66C2132749200E8FB99 /* Networking.swift */; };
		0443D66F2132749B00E8FB99 /* WeatherObjects.swift in Sources */ = {isa = PBXBuildFile; fileRef = 0443D66E2132749B00E8FB99 /* WeatherObjects.swift */; };
		0443D671213274A900E8FB99 /* JSONParser.swift in Sources */ = {isa = PBXBuildFile; fileRef = 0443D670213274A900E8FB99 /* JSONParser.swift */; };
/* End PBXBuildFile section */

/* Begin PBXContainerItemProxy section */
		0443D64E2132747300E8FB99 /* PBXContainerItemProxy */ = {
			isa = PBXContainerItemProxy;
			containerPortal = 0443D6312132746E00E8FB99 /* Project object */;
			proxyType = 1;
			remoteGlobalIDString = 0443D6382132746E00E8FB99;
			remoteInfo = SwiftWeatherApp;
		};
		0443D6592132747300E8FB99 /* PBXContainerItemProxy */ = {
			isa = PBXContainerItemProxy;
			containerPortal = 0443D6312132746E00E8FB99 /* Project object */;
			proxyType = 1;
			remoteGlobalIDString = 0443D6382132746E00E8FB99;
			remoteInfo = SwiftWeatherApp;
		};
/* End PBXContainerItemProxy section */

/* Begin PBXFileReference section */
		0443D6392132746E00E8FB99 /* SwiftWeatherApp.app */ = {isa = PBXFileReference; explicitFileType = wrapper.application; includeInIndex = 0; path = SwiftWeatherApp.app; sourceTree = BUILT_PRODUCTS_DIR; };
		0443D63C2132746E00E8FB99 /* AppDelegate.swift */ = {isa = PBXFileReference; lastKnownFileType = sourcecode.swift; path = AppDelegate.swift; sourceTree = "<group>"; };
		0443D63E2132746E00E8FB99 /* ViewController.swift */ = {isa = PBXFileReference; lastKnownFileType = sourcecode.swift; path = ViewController.swift; sourceTree = "<group>"; };
		0443D6412132746E00E8FB99 /* Base */ = {isa = PBXFileReference; lastKnownFileType = file.storyboard; name = Base; path = Base.lproj/Main.storyboard; sourceTree = "<group>"; };
		0443D6432132747300E8FB99 /* Assets.xcassets */ = {isa = PBXFileReference; lastKnownFileType = folder.assetcatalog; path = Assets.xcassets; sourceTree = "<group>"; };
		0443D6462132747300E8FB99 /* Base */ = {isa = PBXFileReference; lastKnownFileType = file.storyboard; name = Base; path = Base.lproj/LaunchScreen.storyboard; sourceTree = "<group>"; };
		0443D6482132747300E8FB99 /* Info.plist */ = {isa = PBXFileReference; lastKnownFileType = text.plist.xml; path = Info.plist; sourceTree = "<group>"; };
		0443D64D2132747300E8FB99 /* SwiftWeatherAppTests.xctest */ = {isa = PBXFileReference; explicitFileType = wrapper.cfbundle; includeInIndex = 0; path = SwiftWeatherAppTests.xctest; sourceTree = BUILT_PRODUCTS_DIR; };
		0443D6512132747300E8FB99 /* SwiftWeatherAppTests.swift */ = {isa = PBXFileReference; lastKnownFileType = sourcecode.swift; path = SwiftWeatherAppTests.swift; sourceTree = "<group>"; };
		0443D6532132747300E8FB99 /* Info.plist */ = {isa = PBXFileReference; lastKnownFileType = text.plist.xml; path = Info.plist; sourceTree = "<group>"; };
		0443D6582132747300E8FB99 /* SwiftWeatherAppUITests.xctest */ = {isa = PBXFileReference; explicitFileType = wrapper.cfbundle; includeInIndex = 0; path = SwiftWeatherAppUITests.xctest; sourceTree = BUILT_PRODUCTS_DIR; };
		0443D65C2132747300E8FB99 /* SwiftWeatherAppUITests.swift */ = {isa = PBXFileReference; lastKnownFileType = sourcecode.swift; path = SwiftWeatherAppUITests.swift; sourceTree = "<group>"; };
		0443D65E2132747300E8FB99 /* Info.plist */ = {isa = PBXFileReference; lastKnownFileType = text.plist.xml; path = Info.plist; sourceTree = "<group>"; };
		0443D66A2132748900E8FB99 /* NetworkingFacade.swift */ = {isa = PBXFileReference; lastKnownFileType = sourcecode.swift; path = NetworkingFacade.swift; sourceTree = "<group>"; };
		0443D66C2132749200E8FB99 /* Networking.swift */ = {isa = PBXFileReference; lastKnownFileType = sourcecode.swift; path = Networking.swift; sourceTree = "<group>"; };
		0443D66E2132749B00E8FB99 /* WeatherObjects.swift */ = {isa = PBXFileReference; lastKnownFileType = sourcecode.swift; path = WeatherObjects.swift; sourceTree = "<group>"; };
		0443D670213274A900E8FB99 /* JSONParser.swift */ = {isa = PBXFileReference; lastKnownFileType = sourcecode.swift; path = JSONParser.swift; sourceTree = "<group>"; };
/* End PBXFileReference section */

/* Begin PBXFrameworksBuildPhase section */
		0443D6362132746E00E8FB99 /* Frameworks */ = {
			isa = PBXFrameworksBuildPhase;
			buildActionMask = 2147483647;
			files = (
			);
			runOnlyForDeploymentPostprocessing = 0;
		};
		0443D64A2132747300E8FB99 /* Frameworks */ = {
			isa = PBXFrameworksBuildPhase;
			buildActionMask = 2147483647;
			files = (
			);
			runOnlyForDeploymentPostprocessing = 0;
		};
		0443D6552132747300E8FB99 /* Frameworks */ = {
			isa = PBXFrameworksBuildPhase;
			buildActionMask = 2147483647;
			files = (
			);
			runOnlyForDeploymentPostprocessing = 0;
		};
/* End PBXFrameworksBuildPhase section */

/* Begin PBXGroup section */
		0443D6302132746E00E8FB99 = {
			isa = PBXGroup;
			children = (
				0443D63B2132746E00E8FB99 /* SwiftWeatherApp */,
				0443D6502132747300E8FB99 /* SwiftWeatherAppTests */,
				0443D65B2132747300E8FB99 /* SwiftWeatherAppUITests */,
				0443D63A2132746E00E8FB99 /* Products */,
			);
			sourceTree = "<group>";
		};
		0443D63A2132746E00E8FB99 /* Products */ = {
			isa = PBXGroup;
			children = (
				0443D6392132746E00E8FB99 /* SwiftWeatherApp.app */,
				0443D64D2132747300E8FB99 /* SwiftWeatherAppTests.xctest */,
				0443D6582132747300E8FB99 /* SwiftWeatherAppUITests.xctest */,
			);
			name = Products;
			sourceTree = "<group>";
		};
		0443D63B2132746E00E8FB99 /* SwiftWeatherApp */ = {
			isa = PBXGroup;
			children = (
				0443D63C2132746E00E8FB99 /* AppDelegate.swift */,
				0443D63E2132746E00E8FB99 /* ViewController.swift */,
				0443D66A2132748900E8FB99 /* NetworkingFacade.swift */,
				0443D66C2132749200E8FB99 /* Networking.swift */,
				0443D66E2132749B00E8FB99 /* WeatherObjects.swift */,
				0443D670213274A900E8FB99 /* JSONParser.swift */,
				0443D6402132746E00E8FB99 /* Main.storyboard */,
				0443D6432132747300E8FB99 /* Assets.xcassets */,
				0443D6452132747300E8FB99 /* LaunchScreen.storyboard */,
				0443D6482132747300E8FB99 /* Info.plist */,
			);
			path = SwiftWeatherApp;
			sourceTree = "<group>";
		};
		0443D6502132747300E8FB99 /* SwiftWeatherAppTests */ = {
			isa = PBXGroup;
			children = (
				0443D6512132747300E8FB99 /* SwiftWeatherAppTests.swift */,
				0443D6532132747300E8FB99 /* Info.plist */,
			);
			path = SwiftWeatherAppTests;
			sourceTree = "<group>";
		};
		0443D65B2132747300E8FB99 /* SwiftWeatherAppUITests */ = {
			isa = PBXGroup;
			children = (
				0443D65C2132747300E8FB99 /* SwiftWeatherAppUITests.swift */,
				0443D65E2132747300E8FB99 /* Info.plist */,
			);
			path = SwiftWeatherAppUITests;
			sourceTree = "<group>";
		};
/* End PBXGroup section */

/* Begin PBXNativeTarget section */
		0443D6382132746E00E8FB99 /* SwiftWeatherApp */ = {
			isa = PBXNativeTarget;
			buildConfigurationList = 0443D6612132747300E8FB99 /* Build configuration list for PBXNativeTarget "SwiftWeatherApp" */;
			buildPhases = (
				0443D6352132746E00E8FB99 /* Sources */,
				0443D6362132746E00E8FB99 /* Frameworks */,
				0443D6372132746E00E8FB99 /* Resources */,
			);
			buildRules = (
			);
			dependencies = (
			);
			name = SwiftWeatherApp;
			productName = SwiftWeatherApp;
			productReference = 0443D6392132746E00E8FB99 /* SwiftWeatherApp.app */;
			productType = "com.apple.product-type.application";
		};
		0443D64C2132747300E8FB99 /* SwiftWeatherAppTests */ = {
			isa = PBXNativeTarget;
			buildConfigurationList = 0443D6642132747300E8FB99 /* Build configuration list for PBXNativeTarget "SwiftWeatherAppTests" */;
			buildPhases = (
				0443D6492132747300E8FB99 /* Sources */,
				0443D64A2132747300E8FB99 /* Frameworks */,
				0443D64B2132747300E8FB99 /* Resources */,
			);
			buildRules = (
			);
			dependencies = (
				0443D64F2132747300E8FB99 /* PBXTargetDependency */,
			);
			name = SwiftWeatherAppTests;
			productName = SwiftWeatherAppTests;
			productReference = 0443D64D2132747300E8FB99 /* SwiftWeatherAppTests.xctest */;
			productType = "com.apple.product-type.bundle.unit-test";
		};
		0443D6572132747300E8FB99 /* SwiftWeatherAppUITests */ = {
			isa = PBXNativeTarget;
			buildConfigurationList = 0443D6672132747300E8FB99 /* Build configuration list for PBXNativeTarget "SwiftWeatherAppUITests" */;
			buildPhases = (
				0443D6542132747300E8FB99 /* Sources */,
				0443D6552132747300E8FB99 /* Frameworks */,
				0443D6562132747300E8FB99 /* Resources */,
			);
			buildRules = (
			);
			dependencies = (
				0443D65A2132747300E8FB99 /* PBXTargetDependency */,
			);
			name = SwiftWeatherAppUITests;
			productName = SwiftWeatherAppUITests;
			productReference = 0443D6582132747300E8FB99 /* SwiftWeatherAppUITests.xctest */;
			productType = "com.apple.product-type.bundle.ui-testing";
		};
/* End PBXNativeTarget section */

/* Begin PBXProject section */
		0443D6312132746E00E8FB99 /* Project object */ = {
			isa = PBXProject;
			attributes = {
				LastSwiftUpdateCheck = 0940;
				LastUpgradeCheck = 0940;
				ORGANIZATIONNAME = "Nice Fun Apps";
				TargetAttributes = {
					0443D6382132746E00E8FB99 = {
						CreatedOnToolsVersion = 9.4.1;
					};
					0443D64C2132747300E8FB99 = {
						CreatedOnToolsVersion = 9.4.1;
						TestTargetID = 0443D6382132746E00E8FB99;
					};
					0443D6572132747300E8FB99 = {
						CreatedOnToolsVersion = 9.4.1;
						TestTargetID = 0443D6382132746E00E8FB99;
					};
				};
			};
			buildConfigurationList = 0443D6342132746E00E8FB99 /* Build configuration list for PBXProject "SwiftWeatherApp" */;
			compatibilityVersion = "Xcode 9.3";
			developmentRegion = en;
			hasScannedForEncodings = 0;
			knownRegions = (
				en,
				Base,
			);
			mainGroup = 0443D6302132746E00E8FB99;
			productRefGroup = 0443D63A2132746E00E8FB99 /* Products */;
			projectDirPath = "";
			projectRoot = "";
			targets = (
				0443D6382132746E00E8FB99 /* SwiftWeatherApp */,
				0443D64C2132747300E8FB99 /* SwiftWeatherAppTests */,
				0443D6572132747300E8FB99 /* SwiftWeatherAppUITests */,
			);
		};
/* End PBXProject section */

/* Begin PBXResourcesBuildPhase section */
		0443D6372132746E00E8FB99 /* Resources */ = {
			isa = PBXResourcesBuildPhase;
			buildActionMask = 2147483647;
			files = (
				0443D6472132747300E8FB99 /* LaunchScreen.storyboard in Resources */,
				0443D6442132747300E8FB99 /* Assets.xcassets in Resources */,
				0443D6422132746E00E8FB99 /* Main.storyboard in Resources */,
			);
			runOnlyForDeploymentPostprocessing = 0;
		};
		0443D64B2132747300E8FB99 /* Resources */ = {
			isa = PBXResourcesBuildPhase;
			buildActionMask = 2147483647;
			files = (
			);
			runOnlyForDeploymentPostprocessing = 0;
		};
		0443D6562132747300E8FB99 /* Resources */ = {
			isa = PBXResourcesBuildPhase;
			buildActionMask = 2147483647;
			files = (
			);
			runOnlyForDeploymentPostprocessing = 0;
		};
/* End PBXResourcesBuildPhase section */

/* Begin PBXSourcesBuildPhase section */
		0443D6352132746E00E8FB99 /* Sources */ = {
			isa = PBXSourcesBuildPhase;
			buildActionMask = 2147483647;
			files = (
				0443D66F2132749B00E8FB99 /* WeatherObjects.swift in Sources */,
				0443D63F2132746E00E8FB99 /* ViewController.swift in Sources */,
				0443D671213274A900E8FB99 /* JSONParser.swift in Sources */,
				0443D66B2132748900E8FB99 /* NetworkingFacade.swift in Sources */,
				0443D63D2132746E00E8FB99 /* AppDelegate.swift in Sources */,
				0443D66D2132749200E8FB99 /* Networking.swift in Sources */,
			);
			runOnlyForDeploymentPostprocessing = 0;
		};
		0443D6492132747300E8FB99 /* Sources */ = {
			isa = PBXSourcesBuildPhase;
			buildActionMask = 2147483647;
			files = (
				0443D6522132747300E8FB99 /* SwiftWeatherAppTests.swift in Sources */,
			);
			runOnlyForDeploymentPostprocessing = 0;
		};
		0443D6542132747300E8FB99 /* Sources */ = {
			isa = PBXSourcesBuildPhase;
			buildActionMask = 2147483647;
			files = (
				0443D65D2132747300E8FB99 /* SwiftWeatherAppUITests.swift in Sources */,
			);
			runOnlyForDeploymentPostprocessing = 0;
		};
/* End PBXSourcesBuildPhase section */

/* Begin PBXTargetDependency section */
		0443D64F2132747300E8FB99 /* PBXTargetDependency */ = {
			isa = PBXTargetDependency;
			target = 0443D6382132746E00E8FB99 /* SwiftWeatherApp */;
			targetProxy = 0443D64E2132747300E8FB99 /* PBXContainerItemProxy */;
		};
		0443D65A2132747300E8FB99 /* PBXTargetDependency */ = {
			isa = PBXTargetDependency;
			target = 0443D6382132746E00E8FB99 /* SwiftWeatherApp */;
			targetProxy = 0443D6592132747300E8FB99 /* PBXContainerItemProxy */;
		};
/* End PBXTargetDependency section */

/* Begin PBXVariantGroup section */
		0443D6402132746E00E8FB99 /* Main.storyboard */ = {
			isa = PBXVariantGroup;
			children = (
				0443D6412132746E00E8FB99 /* Base */,
			);
			name = Main.storyboard;
			sourceTree = "<group>";
		};
		0443D6452132747300E8FB99 /* LaunchScreen.storyboard */ = {
			isa = PBXVariantGroup;
			children = (
				0443D6462132747300E8FB99 /* Base */,
			);
			name = LaunchScreen.storyboard;
			sourceTree = "<group>";
		};
/* End PBXVariantGroup section */

/* Begin XCBuildConfiguration section */
		0443D65F2132747300E8FB99 /* Debug */ = {
			isa = XCBuildConfiguration;
			buildSettings = {
				ALWAYS_SEARCH_USER_PATHS = NO;
				CLANG_ANALYZER_NONNULL = YES;
				CLANG_ANALYZER_NUMBER_OBJECT_CONVERSION = YES_AGGRESSIVE;
				CLANG_CXX_LANGUAGE_STANDARD = "gnu++14";
				CLANG_CXX_LIBRARY = "libc++";
				CLANG_ENABLE_MODULES = YES;
				CLANG_ENABLE_OBJC_ARC = YES;
				CLANG_ENABLE_OBJC_WEAK = YES;
				CLANG_WARN_BLOCK_CAPTURE_AUTORELEASING = YES;
				CLANG_WARN_BOOL_CONVERSION = YES;
				CLANG_WARN_COMMA = YES;
				CLANG_WARN_CONSTANT_CONVERSION = YES;
				CLANG_WARN_DEPRECATED_OBJC_IMPLEMENTATIONS = YES;
				CLANG_WARN_DIRECT_OBJC_ISA_USAGE = YES_ERROR;
				CLANG_WARN_DOCUMENTATION_COMMENTS = YES;
				CLANG_WARN_EMPTY_BODY = YES;
				CLANG_WARN_ENUM_CONVERSION = YES;
				CLANG_WARN_INFINITE_RECURSION = YES;
				CLANG_WARN_INT_CONVERSION = YES;
				CLANG_WARN_NON_LITERAL_NULL_CONVERSION = YES;
				CLANG_WARN_OBJC_IMPLICIT_RETAIN_SELF = YES;
				CLANG_WARN_OBJC_LITERAL_CONVERSION = YES;
				CLANG_WARN_OBJC_ROOT_CLASS = YES_ERROR;
				CLANG_WARN_RANGE_LOOP_ANALYSIS = YES;
				CLANG_WARN_STRICT_PROTOTYPES = YES;
				CLANG_WARN_SUSPICIOUS_MOVE = YES;
				CLANG_WARN_UNGUARDED_AVAILABILITY = YES_AGGRESSIVE;
				CLANG_WARN_UNREACHABLE_CODE = YES;
				CLANG_WARN__DUPLICATE_METHOD_MATCH = YES;
				CODE_SIGN_IDENTITY = "iPhone Developer";
				COPY_PHASE_STRIP = NO;
				DEBUG_INFORMATION_FORMAT = dwarf;
				ENABLE_STRICT_OBJC_MSGSEND = YES;
				ENABLE_TESTABILITY = YES;
				GCC_C_LANGUAGE_STANDARD = gnu11;
				GCC_DYNAMIC_NO_PIC = NO;
				GCC_NO_COMMON_BLOCKS = YES;
				GCC_OPTIMIZATION_LEVEL = 0;
				GCC_PREPROCESSOR_DEFINITIONS = (
					"DEBUG=1",
					"$(inherited)",
				);
				GCC_WARN_64_TO_32_BIT_CONVERSION = YES;
				GCC_WARN_ABOUT_RETURN_TYPE = YES_ERROR;
				GCC_WARN_UNDECLARED_SELECTOR = YES;
				GCC_WARN_UNINITIALIZED_AUTOS = YES_AGGRESSIVE;
				GCC_WARN_UNUSED_FUNCTION = YES;
				GCC_WARN_UNUSED_VARIABLE = YES;
				IPHONEOS_DEPLOYMENT_TARGET = 11.4;
				MTL_ENABLE_DEBUG_INFO = YES;
				ONLY_ACTIVE_ARCH = YES;
				SDKROOT = iphoneos;
				SWIFT_ACTIVE_COMPILATION_CONDITIONS = DEBUG;
				SWIFT_OPTIMIZATION_LEVEL = "-Onone";
			};
			name = Debug;
		};
		0443D6602132747300E8FB99 /* Release */ = {
			isa = XCBuildConfiguration;
			buildSettings = {
				ALWAYS_SEARCH_USER_PATHS = NO;
				CLANG_ANALYZER_NONNULL = YES;
				CLANG_ANALYZER_NUMBER_OBJECT_CONVERSION = YES_AGGRESSIVE;
				CLANG_CXX_LANGUAGE_STANDARD = "gnu++14";
				CLANG_CXX_LIBRARY = "libc++";
				CLANG_ENABLE_MODULES = YES;
				CLANG_ENABLE_OBJC_ARC = YES;
				CLANG_ENABLE_OBJC_WEAK = YES;
				CLANG_WARN_BLOCK_CAPTURE_AUTORELEASING = YES;
				CLANG_WARN_BOOL_CONVERSION = YES;
				CLANG_WARN_COMMA = YES;
				CLANG_WARN_CONSTANT_CONVERSION = YES;
				CLANG_WARN_DEPRECATED_OBJC_IMPLEMENTATIONS = YES;
				CLANG_WARN_DIRECT_OBJC_ISA_USAGE = YES_ERROR;
				CLANG_WARN_DOCUMENTATION_COMMENTS = YES;
				CLANG_WARN_EMPTY_BODY = YES;
				CLANG_WARN_ENUM_CONVERSION = YES;
				CLANG_WARN_INFINITE_RECURSION = YES;
				CLANG_WARN_INT_CONVERSION = YES;
				CLANG_WARN_NON_LITERAL_NULL_CONVERSION = YES;
				CLANG_WARN_OBJC_IMPLICIT_RETAIN_SELF = YES;
				CLANG_WARN_OBJC_LITERAL_CONVERSION = YES;
				CLANG_WARN_OBJC_ROOT_CLASS = YES_ERROR;
				CLANG_WARN_RANGE_LOOP_ANALYSIS = YES;
				CLANG_WARN_STRICT_PROTOTYPES = YES;
				CLANG_WARN_SUSPICIOUS_MOVE = YES;
				CLANG_WARN_UNGUARDED_AVAILABILITY = YES_AGGRESSIVE;
				CLANG_WARN_UNREACHABLE_CODE = YES;
				CLANG_WARN__DUPLICATE_METHOD_MATCH = YES;
				CODE_SIGN_IDENTITY = "iPhone Developer";
				COPY_PHASE_STRIP = NO;
				DEBUG_INFORMATION_FORMAT = "dwarf-with-dsym";
				ENABLE_NS_ASSERTIONS = NO;
				ENABLE_STRICT_OBJC_MSGSEND = YES;
				GCC_C_LANGUAGE_STANDARD = gnu11;
				GCC_NO_COMMON_BLOCKS = YES;
				GCC_WARN_64_TO_32_BIT_CONVERSION = YES;
				GCC_WARN_ABOUT_RETURN_TYPE = YES_ERROR;
				GCC_WARN_UNDECLARED_SELECTOR = YES;
				GCC_WARN_UNINITIALIZED_AUTOS = YES_AGGRESSIVE;
				GCC_WARN_UNUSED_FUNCTION = YES;
				GCC_WARN_UNUSED_VARIABLE = YES;
				IPHONEOS_DEPLOYMENT_TARGET = 11.4;
				MTL_ENABLE_DEBUG_INFO = NO;
				SDKROOT = iphoneos;
				SWIFT_COMPILATION_MODE = wholemodule;
				SWIFT_OPTIMIZATION_LEVEL = "-O";
				VALIDATE_PRODUCT = YES;
			};
			name = Release;
		};
		0443D6622132747300E8FB99 /* Debug */ = {
			isa = XCBuildConfiguration;
			buildSettings = {
				ASSETCATALOG_COMPILER_APPICON_NAME = AppIcon;
				CODE_SIGN_STYLE = Automatic;
				INFOPLIST_FILE = SwiftWeatherApp/Info.plist;
				LD_RUNPATH_SEARCH_PATHS = (
					"$(inherited)",
					"@executable_path/Frameworks",
				);
				PRODUCT_BUNDLE_IDENTIFIER = "Nice-Fun-Apps.SwiftWeatherApp";
				PRODUCT_NAME = "$(TARGET_NAME)";
				SWIFT_VERSION = 4.0;
				TARGETED_DEVICE_FAMILY = "1,2";
			};
			name = Debug;
		};
		0443D6632132747300E8FB99 /* Release */ = {
			isa = XCBuildConfiguration;
			buildSettings = {
				ASSETCATALOG_COMPILER_APPICON_NAME = AppIcon;
				CODE_SIGN_STYLE = Automatic;
				INFOPLIST_FILE = SwiftWeatherApp/Info.plist;
				LD_RUNPATH_SEARCH_PATHS = (
					"$(inherited)",
					"@executable_path/Frameworks",
				);
				PRODUCT_BUNDLE_IDENTIFIER = "Nice-Fun-Apps.SwiftWeatherApp";
				PRODUCT_NAME = "$(TARGET_NAME)";
				SWIFT_VERSION = 4.0;
				TARGETED_DEVICE_FAMILY = "1,2";
			};
			name = Release;
		};
		0443D6652132747300E8FB99 /* Debug */ = {
			isa = XCBuildConfiguration;
			buildSettings = {
				ALWAYS_EMBED_SWIFT_STANDARD_LIBRARIES = YES;
				BUNDLE_LOADER = "$(TEST_HOST)";
				CODE_SIGN_STYLE = Automatic;
				INFOPLIST_FILE = SwiftWeatherAppTests/Info.plist;
				LD_RUNPATH_SEARCH_PATHS = (
					"$(inherited)",
					"@executable_path/Frameworks",
					"@loader_path/Frameworks",
				);
				PRODUCT_BUNDLE_IDENTIFIER = "Nice-Fun-Apps.SwiftWeatherAppTests";
				PRODUCT_NAME = "$(TARGET_NAME)";
				SWIFT_VERSION = 4.0;
				TARGETED_DEVICE_FAMILY = "1,2";
				TEST_HOST = "$(BUILT_PRODUCTS_DIR)/SwiftWeatherApp.app/SwiftWeatherApp";
			};
			name = Debug;
		};
		0443D6662132747300E8FB99 /* Release */ = {
			isa = XCBuildConfiguration;
			buildSettings = {
				ALWAYS_EMBED_SWIFT_STANDARD_LIBRARIES = YES;
				BUNDLE_LOADER = "$(TEST_HOST)";
				CODE_SIGN_STYLE = Automatic;
				INFOPLIST_FILE = SwiftWeatherAppTests/Info.plist;
				LD_RUNPATH_SEARCH_PATHS = (
					"$(inherited)",
					"@executable_path/Frameworks",
					"@loader_path/Frameworks",
				);
				PRODUCT_BUNDLE_IDENTIFIER = "Nice-Fun-Apps.SwiftWeatherAppTests";
				PRODUCT_NAME = "$(TARGET_NAME)";
				SWIFT_VERSION = 4.0;
				TARGETED_DEVICE_FAMILY = "1,2";
				TEST_HOST = "$(BUILT_PRODUCTS_DIR)/SwiftWeatherApp.app/SwiftWeatherApp";
			};
			name = Release;
		};
		0443D6682132747300E8FB99 /* Debug */ = {
			isa = XCBuildConfiguration;
			buildSettings = {
				ALWAYS_EMBED_SWIFT_STANDARD_LIBRARIES = YES;
				CODE_SIGN_STYLE = Automatic;
				INFOPLIST_FILE = SwiftWeatherAppUITests/Info.plist;
				LD_RUNPATH_SEARCH_PATHS = (
					"$(inherited)",
					"@executable_path/Frameworks",
					"@loader_path/Frameworks",
				);
				PRODUCT_BUNDLE_IDENTIFIER = "Nice-Fun-Apps.SwiftWeatherAppUITests";
				PRODUCT_NAME = "$(TARGET_NAME)";
				SWIFT_VERSION = 4.0;
				TARGETED_DEVICE_FAMILY = "1,2";
				TEST_TARGET_NAME = SwiftWeatherApp;
			};
			name = Debug;
		};
		0443D6692132747300E8FB99 /* Release */ = {
			isa = XCBuildConfiguration;
			buildSettings = {
				ALWAYS_EMBED_SWIFT_STANDARD_LIBRARIES = YES;
				CODE_SIGN_STYLE = Automatic;
				INFOPLIST_FILE = SwiftWeatherAppUITests/Info.plist;
				LD_RUNPATH_SEARCH_PATHS = (
					"$(inherited)",
					"@executable_path/Frameworks",
					"@loader_path/Frameworks",
				);
				PRODUCT_BUNDLE_IDENTIFIER = "Nice-Fun-Apps.SwiftWeatherAppUITests";
				PRODUCT_NAME = "$(TARGET_NAME)";
				SWIFT_VERSION = 4.0;
				TARGETED_DEVICE_FAMILY = "1,2";
				TEST_TARGET_NAME = SwiftWeatherApp;
			};
			name = Release;
		};
/* End XCBuildConfiguration section */

/* Begin XCConfigurationList section */
		0443D6342132746E00E8FB99 /* Build configuration list for PBXProject "SwiftWeatherApp" */ = {
			isa = XCConfigurationList;
			buildConfigurations = (
				0443D65F2132747300E8FB99 /* Debug */,
				0443D6602132747300E8FB99 /* Release */,
			);
			defaultConfigurationIsVisible = 0;
			defaultConfigurationName = Release;
		};
		0443D6612132747300E8FB99 /* Build configuration list for PBXNativeTarget "SwiftWeatherApp" */ = {
			isa = XCConfigurationList;
			buildConfigurations = (
				0443D6622132747300E8FB99 /* Debug */,
				0443D6632132747300E8FB99 /* Release */,
			);
			defaultConfigurationIsVisible = 0;
			defaultConfigurationName = Release;
		};
		0443D6642132747300E8FB99 /* Build configuration list for PBXNativeTarget "SwiftWeatherAppTests" */ = {
			isa = XCConfigurationList;
			buildConfigurations = (
				0443D6652132747300E8FB99 /* Debug */,
				0443D6662132747300E8FB99 /* Release */,
			);
			defaultConfigurationIsVisible = 0;
			defaultConfigurationName = Release;
		};
		0443D6672132747300E8FB99 /* Build configuration list for PBXNativeTarget "SwiftWeatherAppUITests" */ = {
			isa = XCConfigurationList;
			buildConfigurations = (
				0443D6682132747300E8FB99 /* Debug */,
				0443D6692132747300E8FB99 /* Release */,
			);
			defaultConfigurationIsVisible = 0;
			defaultConfigurationName = Release;
		};
/* End XCConfigurationList section */
	};
	rootObject = 0443D6312132746E00E8FB99 /* Project object */;
}
